{
    "version": 3,
    "terraform_version": "0.11.10",
    "serial": 15,
    "lineage": "868a087b-c7da-9467-37ed-c3cc1b9933b2",
    "modules": [
        {
            "path": [
                "root"
            ],
            "outputs": {},
            "resources": {
                "google_compute_instance.default": {
                    "type": "google_compute_instance",
                    "depends_on": [],
                    "primary": {
                        "id": "test-cf",
                        "attributes": {
                            "attached_disk.#": "0",
                            "boot_disk.#": "1",
                            "boot_disk.0.auto_delete": "true",
                            "boot_disk.0.device_name": "persistent-disk-0",
                            "boot_disk.0.disk_encryption_key_raw": "",
                            "boot_disk.0.disk_encryption_key_sha256": "",
                            "boot_disk.0.initialize_params.#": "1",
                            "boot_disk.0.initialize_params.0.image": "https://www.googleapis.com/compute/v1/projects/debian-cloud/global/images/debian-9-stretch-v20181210",
                            "boot_disk.0.initialize_params.0.size": "10",
                            "boot_disk.0.initialize_params.0.type": "pd-standard",
                            "boot_disk.0.source": "https://www.googleapis.com/compute/v1/projects/proj-211305/zones/us-west2-a/disks/test-cf",
                            "can_ip_forward": "false",
                            "cpu_platform": "Intel Skylake",
                            "create_timeout": "4",
                            "deletion_protection": "false",
                            "guest_accelerator.#": "0",
                            "id": "test-cf",
                            "instance_id": "8076181524048847503",
                            "label_fingerprint": "42WmSpB8rSM=",
                            "labels.%": "0",
                            "machine_type": "n1-standard-1",
                            "metadata.%": "1",
                            "metadata.sshKeys": "niharika:ssh-rsa AAAAB3NzaC1yc2EAAAABJQAAAQEAio01LN0IZxGseT80BPLm9U9zy3fcuUvUlnHxf58nb5Rj5UFeRdm8pin/x6gASBbljjdSbAzob0h4cAEfH6lsQu/ozOPD4RPf1IXod5FuISkYW5YVU17/snIbM9ie9cnuOLyeHAlBb0msUJpUXoxIMOKrlRdExgJQTwN762L8VMWYiyR986lHv7Fi1l02OA5AaWjRfKRrLdDDm1Xy9g6R+91v1E3sT46FI66c+rkmF1aqT+370RYm3CtQvAyTuX3ktgMF/6sj7mdKgaZw4ujMehMZ0gUbMDNf+FazQ7j47eMTkCYPIDZsP0ONj0Ov2984+A+6kFM0P7sywn9wDxL76w== niharika\n",
                            "metadata_fingerprint": "DLGGMqjm7z4=",
                            "metadata_startup_script": "",
                            "min_cpu_platform": "",
                            "name": "test-cf",
                            "network_interface.#": "1",
                            "network_interface.0.access_config.#": "1",
                            "network_interface.0.access_config.0.assigned_nat_ip": "35.236.33.199",
                            "network_interface.0.access_config.0.nat_ip": "35.236.33.199",
                            "network_interface.0.access_config.0.network_tier": "PREMIUM",
                            "network_interface.0.access_config.0.public_ptr_domain_name": "",
                            "network_interface.0.address": "10.168.0.2",
                            "network_interface.0.alias_ip_range.#": "0",
                            "network_interface.0.name": "nic0",
                            "network_interface.0.network": "https://www.googleapis.com/compute/v1/projects/proj-211305/global/networks/default",
                            "network_interface.0.network_ip": "10.168.0.2",
                            "network_interface.0.subnetwork": "https://www.googleapis.com/compute/v1/projects/proj-211305/regions/us-west2/subnetworks/default",
                            "network_interface.0.subnetwork_project": "proj-211305",
                            "project": "proj-211305",
                            "scheduling.#": "1",
                            "scheduling.0.automatic_restart": "false",
                            "scheduling.0.on_host_maintenance": "MIGRATE",
                            "scheduling.0.preemptible": "false",
                            "scratch_disk.#": "0",
                            "self_link": "https://www.googleapis.com/compute/v1/projects/proj-211305/zones/us-west2-a/instances/test-cf",
                            "service_account.#": "1",
                            "service_account.0.email": "948561684864-compute@developer.gserviceaccount.com",
                            "service_account.0.scopes.#": "3",
                            "service_account.0.scopes.1632638332": "https://www.googleapis.com/auth/devstorage.read_only",
                            "service_account.0.scopes.2428168921": "https://www.googleapis.com/auth/userinfo.email",
                            "service_account.0.scopes.2862113455": "https://www.googleapis.com/auth/compute.readonly",
                            "tags.#": "0",
                            "tags_fingerprint": "42WmSpB8rSM=",
                            "zone": "us-west2-a"
                        },
                        "meta": {
                            "e2bfb730-ecaa-11e6-8f88-34363bc7c4c0": {
                                "create": 360000000000,
                                "delete": 360000000000,
                                "update": 360000000000
                            },
                            "schema_version": "6"
                        },
                        "tainted": false
                    },
                    "deposed": [],
                    "provider": "provider.google"
                }
            },
            "depends_on": []
        }
    ]
}
